
Microsoft Visual Studio Solution File, Format Version 12.00
# Visual Studio Version 17
VisualStudioVersion = 17.14.36203.30 d17.14
MinimumVisualStudioVersion = 10.0.40219.1
Project("{FAE04EC0-301F-11D3-BF4B-00C04F79EFBC}") = "Levge.Notification.Push", "Levge.Notification.Push.csproj", "{6FF8336E-4D57-45C9-B7A5-F61369A5ACA9}"
EndProject
Global
	GlobalSection(SolutionConfigurationPlatforms) = preSolution
		Debug|Any CPU = Debug|Any CPU
		Release|Any CPU = Release|Any CPU
	EndGlobalSection
	GlobalSection(ProjectConfigurationPlatforms) = postSolution
		{6FF8336E-4D57-45C9-B7A5-F61369A5ACA9}.Debug|Any CPU.ActiveCfg = Debug|Any CPU
		{6FF8336E-4D57-45C9-B7A5-F61369A5ACA9}.Debug|Any CPU.Build.0 = Debug|Any CPU
		{6FF8336E-4D57-45C9-B7A5-F61369A5ACA9}.Release|Any CPU.ActiveCfg = Release|Any CPU
		{6FF8336E-4D57-45C9-B7A5-F61369A5ACA9}.Release|Any CPU.Build.0 = Release|Any CPU
	EndGlobalSection
	GlobalSection(SolutionProperties) = preSolution
		HideSolutionNode = FALSE
	EndGlobalSection
	GlobalSection(ExtensibilityGlobals) = postSolution
		SolutionGuid = {F0E29AC7-5C73-4A32-8467-E1BC3CDDC971}
	EndGlobalSection
EndGlobal
